<?xml version="1.0" encoding="UTF-8" standalone="yes" ?>
<CodeBlocks_project_file>
	<FileVersion major="1" minor="6" />
	<Project>
		<Option title="HF" />
		<Option pch_mode="2" />
		<Option compiler="gcc" />
		<Build>
			<Target title="Debug">
				<Option output="bin/Debug/HF" prefix_auto="1" extension_auto="1" />
				<Option object_output="obj/Debug/" />
				<Option type="1" />
				<Option compiler="gcc" />
				<Compiler>
					<Add option="-g" />
				</Compiler>
			</Target>
			<Target title="Release">
				<Option output="bin/Release/HF" prefix_auto="1" extension_auto="1" />
				<Option object_output="obj/Release/" />
				<Option type="1" />
				<Option compiler="gcc" />
				<Compiler>
					<Add option="-O2" />
				</Compiler>
				<Linker>
					<Add option="-s" />
				</Linker>
			</Target>
		</Build>
		<Compiler>
			<Add option="-Wall" />
		</Compiler>
		<Unit filename="beolvas.c">
			<Option compilerVar="CC" />
		</Unit>
		<Unit filename="beolvas.h" />
		<Unit filename="debugmalloc.h" />
		<Unit filename="felszabadit.c">
			<Option compilerVar="CC" />
		</Unit>
		<Unit filename="felszabadit.h" />
		<Unit filename="gyakeslabmenu.c">
			<Option compilerVar="CC" />
		</Unit>
		<Unit filename="gyakeslabmenu.h" />
		<Unit filename="hallgatokmenu.c">
			<Option compilerVar="CC" />
		</Unit>
		<Unit filename="hallgatokmenu.h" />
		<Unit filename="hozzaad.c">
			<Option compilerVar="CC" />
		</Unit>
		<Unit filename="hozzaad.h" />
		<Unit filename="keresesek.c">
			<Option compilerVar="CC" />
		</Unit>
		<Unit filename="keresesek.h" />
		<Unit filename="kiir.c">
			<Option compilerVar="CC" />
		</Unit>
		<Unit filename="kiir.h" />
		<Unit filename="listaz.c">
			<Option compilerVar="CC" />
		</Unit>
		<Unit filename="listaz.h" />
		<Unit filename="main.c">
			<Option compilerVar="CC" />
		</Unit>
		<Unit filename="modosit.c">
			<Option compilerVar="CC" />
		</Unit>
		<Unit filename="modosit.h" />
		<Unit filename="oktatokmenu.c">
			<Option compilerVar="CC" />
		</Unit>
		<Unit filename="oktatokmenu.h" />
		<Unit filename="structok.h" />
		<Unit filename="torol.c">
			<Option compilerVar="CC" />
		</Unit>
		<Unit filename="torol.h" />
		<Extensions>
			<lib_finder disable_auto="1" />
		</Extensions>
	</Project>
</CodeBlocks_project_file>
